
Microsoft Visual Studio Solution File, Format Version 12.00
# Visual Studio Version 17
VisualStudioVersion = 17.6.33829.357
MinimumVisualStudioVersion = 10.0.40219.1
Project("{9A19103F-16F7-4668-BE54-9A1E7A4F7556}") = "CollectionWebApp", "CollectionWebApp\CollectionWebApp.csproj", "{32C5A947-7196-492F-B74B-78338B727E91}"
EndProject
Project("{9A19103F-16F7-4668-BE54-9A1E7A4F7556}") = "CollectionWebApp.Data", "CollectionWebApp.Data\CollectionWebApp.Data.csproj", "{07F56057-7109-4801-8B07-372849BD583C}"
EndProject
Project("{FAE04EC0-301F-11D3-BF4B-00C04F79EFBC}") = "CollectionWebApp.Services", "CollectionWebApp.Services\CollectionWebApp.Services.csproj", "{AE69769B-21FA-485C-8B2D-DE55EA2FB476}"
EndProject
Global
	GlobalSection(SolutionConfigurationPlatforms) = preSolution
		Debug|Any CPU = Debug|Any CPU
		Release|Any CPU = Release|Any CPU
	EndGlobalSection
	GlobalSection(ProjectConfigurationPlatforms) = postSolution
		{32C5A947-7196-492F-B74B-78338B727E91}.Debug|Any CPU.ActiveCfg = Debug|Any CPU
		{32C5A947-7196-492F-B74B-78338B727E91}.Debug|Any CPU.Build.0 = Debug|Any CPU
		{32C5A947-7196-492F-B74B-78338B727E91}.Release|Any CPU.ActiveCfg = Release|Any CPU
		{32C5A947-7196-492F-B74B-78338B727E91}.Release|Any CPU.Build.0 = Release|Any CPU
		{07F56057-7109-4801-8B07-372849BD583C}.Debug|Any CPU.ActiveCfg = Debug|Any CPU
		{07F56057-7109-4801-8B07-372849BD583C}.Debug|Any CPU.Build.0 = Debug|Any CPU
		{07F56057-7109-4801-8B07-372849BD583C}.Release|Any CPU.ActiveCfg = Release|Any CPU
		{07F56057-7109-4801-8B07-372849BD583C}.Release|Any CPU.Build.0 = Release|Any CPU
		{AE69769B-21FA-485C-8B2D-DE55EA2FB476}.Debug|Any CPU.ActiveCfg = Debug|Any CPU
		{AE69769B-21FA-485C-8B2D-DE55EA2FB476}.Debug|Any CPU.Build.0 = Debug|Any CPU
		{AE69769B-21FA-485C-8B2D-DE55EA2FB476}.Release|Any CPU.ActiveCfg = Release|Any CPU
		{AE69769B-21FA-485C-8B2D-DE55EA2FB476}.Release|Any CPU.Build.0 = Release|Any CPU
	EndGlobalSection
	GlobalSection(SolutionProperties) = preSolution
		HideSolutionNode = FALSE
	EndGlobalSection
	GlobalSection(ExtensibilityGlobals) = postSolution
		SolutionGuid = {C584A0C8-E9EC-4793-8F24-D193B0AC489D}
	EndGlobalSection
EndGlobal
